{
  "version": 4,
  "terraform_version": "1.16.3",
  "serial": 85,
  "lineage": "d6d7c0ae-b0a5-c1f8-c599-2d49d2251736",
  "outputs": {
    "cluster_name": {
      "value": "chhayham",
      "type": "string"
    },
    "endpoints": {
      "value": {
        "alertmanager": "https://alertmanager.localhost",
        "argocd": "https://argocd.localhost",
        "dex": "https://dex.localhost",
        "goweb": "https://goweb.localhost",
        "grafana": "https://grafana.localhost",
        "headlamp": "https://headlamp.localhost",
        "kargo": "https://kargo.localhost",
        "loki": "https://loki.localhost",
        "prometheus": "https://monitoring.localhost"
      },
      "type": [
        "object",
        {
          "alertmanager": "string",
          "argocd": "string",
          "dex": "string",
          "goweb": "string",
          "grafana": "string",
          "headlamp": "string",
          "kargo": "string",
          "loki": "string",
          "prometheus": "string"
        }
      ]
    },
    "gateway_api_crds_version": {
      "value": "v1.6.1",
      "type": "string"
    },
    "helm_releases": {
      "value": {
        "argo-rollouts": {
          "name": "argo-rollouts",
          "namespace": "argo-rollouts",
          "version": "2.40.6"
        },
        "argocd": {
          "name": "argocd",
          "namespace": "argocd",
          "version": "9.4.3"
        },
        "cert-manager": {
          "name": "cert-manager",
          "namespace": "cert-manager",
          "version": "v1.21.1"
        },
        "dex": {
          "name": "dex",
          "namespace": "dex",
          "version": "0.24.1"
        },
        "fluent-bit": {
          "name": "fluent-bit",
          "namespace": "monitoring",
          "version": "0.58.2"
        },
        "kargo": {
          "name": "kargo",
          "namespace": "kargo",
          "version": "1.11.2"
        },
        "kargo-httproute": {
          "name": "kargo-httproute",
          "namespace": "default",
          "version": "(local ./helm/httproute)"
        },
        "keda": {
          "name": "keda",
          "namespace": "keda",
          "version": "2.20.2"
        },
        "kube-prometheus-stack": {
          "name": "kube-prometheus-stack",
          "namespace": "monitoring",
          "version": "88.5.4"
        },
        "loki": {
          "name": "loki",
          "namespace": "monitoring",
          "version": "18.12.1"
        },
        "monitoring-httproute": {
          "name": "monitoring-httproute",
          "namespace": "default",
          "version": "(local ./helm/httproute)"
        },
        "traefik": {
          "name": "traefik",
          "namespace": "traefik",
          "version": "41.6.0"
        },
        "trust-manager": {
          "name": "trust-manager",
          "namespace": "cert-manager",
          "version": "(latest)"
        }
      },
      "type": [
        "object",
        {
          "argo-rollouts": [
            "object",
            {
              "name": "string",
              "namespace": "string",
              "version": "string"
            }
          ],
          "argocd": [
            "object",
            {
              "name": "string",
              "namespace": "string",
              "version": "string"
            }
          ],
          "cert-manager": [
            "object",
            {
              "name": "string",
              "namespace": "string",
              "version": "string"
            }
          ],
          "dex": [
            "object",
            {
              "name": "string",
              "namespace": "string",
              "version": "string"
            }
          ],
          "fluent-bit": [
            "object",
            {
              "name": "string",
              "namespace": "string",
              "version": "string"
            }
          ],
          "kargo": [
            "object",
            {
              "name": "string",
              "namespace": "string",
              "version": "string"
            }
          ],
          "kargo-httproute": [
            "object",
            {
              "name": "string",
              "namespace": "string",
              "version": "string"
            }
          ],
          "keda": [
            "object",
            {
              "name": "string",
              "namespace": "string",
              "version": "string"
            }
          ],
          "kube-prometheus-stack": [
            "object",
            {
              "name": "string",
              "namespace": "string",
              "version": "string"
            }
          ],
          "loki": [
            "object",
            {
              "name": "string",
              "namespace": "string",
              "version": "string"
            }
          ],
          "monitoring-httproute": [
            "object",
            {
              "name": "string",
              "namespace": "string",
              "version": "string"
            }
          ],
          "traefik": [
            "object",
            {
              "name": "string",
              "namespace": "string",
              "version": "string"
            }
          ],
          "trust-manager": [
            "object",
            {
              "name": "string",
              "namespace": "string",
              "version": "string"
            }
          ]
        }
      ]
    },
    "namespaces": {
      "value": [
        "argo-rollouts",
        "argocd",
        "cert-manager",
        "dex",
        "kargo",
        "keda",
        "monitoring",
        "traefik"
      ],
      "type": [
        "list",
        "string"
      ]
    }
  },
  "resources": [
    {
      "mode": "managed",
      "type": "helm_release",
      "name": "cert_manager",
      "provider": "provider[\"registry.terraform.io/hashicorp/helm\"]",
      "instances": [
        {
          "schema_version": 2,
          "attributes": {
            "atomic": false,
            "chart": "cert-manager",
            "cleanup_on_fail": false,
            "create_namespace": true,
            "dependency_update": false,
            "description": null,
            "devel": null,
            "disable_crd_hooks": false,
            "disable_openapi_validation": false,
            "disable_webhooks": false,
            "force_update": false,
            "id": "cert-manager",
            "keyring": null,
            "lint": false,
            "manifest": null,
            "max_history": 0,
            "metadata": {
              "app_version": "v1.21.1",
              "chart": "cert-manager",
              "first_deployed": 1790097152,
              "last_deployed": 1790097152,
              "name": "cert-manager",
              "namespace": "cert-manager",
              "notes": "\ncert-manager v1.21.1 has been deployed successfully!\n\nIn order to begin issuing certificates, you will need to set up a ClusterIssuer\nor Issuer resource (for example, by creating a 'letsencrypt-staging' issuer).\n\nMore information on the different types of issuers and how to configure them\ncan be found in our documentation:\n\nhttps://cert-manager.io/docs/configuration/\n\nFor information on how to configure cert-manager to automatically provision\nCertificates for Ingress resources, take a look at the `ingress-shim`\ndocumentation:\n\nhttps://cert-manager.io/docs/usage/ingress/\n\nFor information on how to configure cert-manager to automatically provision\nCertificates for Gateway API resources, take a look at the `gateway resource`\ndocumentation:\n\nhttps://cert-manager.io/docs/usage/gateway/\n",
              "revision": 1,
              "values": "{\"config\":{\"gatewayAPI\":{\"enabled\":true}},\"crds\":{\"enabled\":true},\"webhook\":{\"securePort\":10260}}",
              "version": "v1.21.1"
            },
            "name": "cert-manager",
            "namespace": "cert-manager",
            "pass_credentials": false,
            "postrender": null,
            "recreate_pods": false,
            "render_subchart_notes": true,
            "replace": false,
            "repository": "https://charts.jetstack.io",
            "repository_ca_file": null,
            "repository_cert_file": null,
            "repository_key_file": null,
            "repository_password": null,
            "repository_username": null,
            "reset_values": false,
            "resources": null,
            "reuse_values": false,
            "set": [
              {
                "name": "webhook.securePort",
                "type": "",
                "value": "10260"
              }
            ],
            "set_list": null,
            "set_sensitive": null,
            "set_wo": null,
            "set_wo_revision": null,
            "skip_crds": false,
            "status": "deployed",
            "take_ownership": false,
            "timeout": 900,
            "timeouts": null,
            "upgrade_install": false,
            "values": [
              "# Enable installation of cert-manager CRDs with the chart\ncrds:\n  enabled: true\n\n# cert-manager configuration\nconfig:\n  # Enable the Gateway API admission controller\n  gatewayAPI:\n    enabled: true\n"
            ],
            "verify": false,
            "version": "v1.21.1",
            "wait": true,
            "wait_for_jobs": false
          },
          "sensitive_attributes": [
            [
              {
                "type": "get_attr",
                "value": "repository_password"
              }
            ]
          ],
          "identity_schema_version": 0,
          "identity": {
            "namespace": "cert-manager",
            "release_name": "cert-manager"
          },
          "dependencies": [
            "null_resource.gateway_api_crds"
          ]
        }
      ]
    },
    {
      "mode": "managed",
      "type": "helm_release",
      "name": "fluent_bit",
      "provider": "provider[\"registry.terraform.io/hashicorp/helm\"]",
      "instances": [
        {
          "schema_version": 2,
          "attributes": {
            "atomic": false,
            "chart": "fluent-bit",
            "cleanup_on_fail": false,
            "create_namespace": true,
            "dependency_update": false,
            "description": null,
            "devel": null,
            "disable_crd_hooks": false,
            "disable_openapi_validation": false,
            "disable_webhooks": false,
            "force_update": false,
            "id": "fluent-bit",
            "keyring": null,
            "lint": false,
            "manifest": null,
            "max_history": 0,
            "metadata": {
              "app_version": "5.1.2",
              "chart": "fluent-bit",
              "first_deployed": 1790096092,
              "last_deployed": 1790096092,
              "name": "fluent-bit",
              "namespace": "monitoring",
              "notes": "Get Fluent Bit build information by running these commands:\n\nexport POD_NAME=$(kubectl get pods --namespace monitoring -l \"app.kubernetes.io/name=fluent-bit,app.kubernetes.io/instance=fluent-bit\" -o jsonpath=\"{.items[0].metadata.name}\")\nkubectl --namespace monitoring port-forward $POD_NAME 2020:2020\ncurl http://127.0.0.1:2020 \n\n",
              "revision": 1,
              "values": "{\"config\":{\"inputs\":\"[INPUT]\\n    Name tail\\n    Path /var/log/containers/*.log\\n    multiline.parser docker, cri\\n    Tag kube.*\\n    Parser docker, cri, docker_no_time\\n    Mem_Buf_Limit 5MB\\n    Skip_Long_Lines On \\n\",\"outputs\":\"[OUTPUT]\\n    Name                   loki\\n    Match                  *\\n    Host                   loki\\n    Port                   3100\\n    Labels                 job=fluent-bit,agent=fluent-bit\\n    Label_Keys             $sub['stream']\\n    Auto_Kubernetes_Labels on\\n    Line_Format            json\\n    Retry_Limit            5 \\n    Tenant_ID              demo \\n\"},\"daemonSetVolumeMounts\":[{\"mountPath\":\"/var/log\",\"name\":\"varlog\"},{\"mountPath\":\"/var/lib/docker/containers\",\"name\":\"varlibdockercontainers\",\"readOnly\":true}],\"daemonSetVolumes\":[{\"hostPath\":{\"path\":\"/var/log\"},\"name\":\"varlog\"},{\"hostPath\":{\"path\":\"/var/lib/docker/containers\"},\"name\":\"varlibdockercontainers\"}]}",
              "version": "0.58.2"
            },
            "name": "fluent-bit",
            "namespace": "monitoring",
            "pass_credentials": false,
            "postrender": null,
            "recreate_pods": false,
            "render_subchart_notes": true,
            "replace": false,
            "repository": "https://fluent.github.io/helm-charts",
            "repository_ca_file": null,
            "repository_cert_file": null,
            "repository_key_file": null,
            "repository_password": null,
            "repository_username": null,
            "reset_values": false,
            "resources": null,
            "reuse_values": false,
            "set": null,
            "set_list": null,
            "set_sensitive": null,
            "set_wo": null,
            "set_wo_revision": null,
            "skip_crds": false,
            "status": "deployed",
            "take_ownership": false,
            "timeout": 15,
            "timeouts": null,
            "upgrade_install": false,
            "values": [
              "config:\n  ## https://docs.fluentbit.io/manual/pipeline/inputs\n  inputs: |\n    [INPUT]\n        Name tail\n        Path /var/log/containers/*.log\n        multiline.parser docker, cri\n        Tag kube.*\n        Parser docker, cri, docker_no_time\n        Mem_Buf_Limit 5MB\n        Skip_Long_Lines On \n  ## https://docs.fluentbit.io/manual/pipeline/outputs      \n  outputs: |\n    [OUTPUT]\n        Name                   loki\n        Match                  *\n        Host                   loki\n        Port                   3100\n        Labels                 job=fluent-bit,agent=fluent-bit\n        Label_Keys             $sub['stream']\n        Auto_Kubernetes_Labels on\n        Line_Format            json\n        Retry_Limit            5 \n        Tenant_ID              demo \n\ndaemonSetVolumes:\n  - name: varlog\n    hostPath:\n      path: /var/log\n  - name: varlibdockercontainers\n    hostPath:\n      path: /var/lib/docker/containers\n  # - name: etcmachineid\n  #   hostPath:\n  #     path: /etc/machine-id\n  #     type: File\n\ndaemonSetVolumeMounts:\n  - name: varlog\n    mountPath: /var/log\n  - name: varlibdockercontainers\n    mountPath: /var/lib/docker/containers\n    readOnly: true\n  # - name: etcmachineid\n  #   mountPath: /etc/machine-id\n  #   readOnly: true\n"
            ],
            "verify": false,
            "version": "0.58.2",
            "wait": true,
            "wait_for_jobs": false
          },
          "sensitive_attributes": [
            [
              {
                "type": "get_attr",
                "value": "repository_password"
              }
            ]
          ],
          "identity_schema_version": 0,
          "identity": {
            "namespace": "monitoring",
            "release_name": "fluent-bit"
          },
          "dependencies": [
            "helm_release.cert_manager",
            "helm_release.kube_prometheus_stack",
            "helm_release.loki",
            "helm_release.trust_manager",
            "null_resource.cert_manager_self_signed_cert_issuer",
            "null_resource.gateway_api_crds"
          ]
        }
      ]
    },
    {
      "mode": "managed",
      "type": "kubernetes_namespace_v1",
      "name": "platform",
      "provider": "provider[\"registry.terraform.io/hashicorp/kubernetes\"]",
      "instances": [
        {
          "index_key": "argo-rollouts",
          "schema_version": 0,
          "attributes": {
            "id": "argo-rollouts",
            "metadata": [
              {
                "annotations": {},
                "generate_name": "",
                "generation": 0,
                "labels": {},
                "name": "argo-rollouts",
                "resource_version": "2803",
                "uid": "c53d0474-fbb2-4704-94d9-44755729f119"
              }
            ],
            "timeouts": null,
            "wait_for_default_service_account": false
          },
          "sensitive_attributes": [],
          "identity_schema_version": 1,
          "identity": {
            "api_version": "v1",
            "kind": "Namespace",
            "name": "argo-rollouts"
          },
          "private": "eyJlMmJmYjczMC1lY2FhLTExZTYtOGY4OC0zNDM2M2JjN2M0YzAiOnsiZGVsZXRlIjozMDAwMDAwMDAwMDB9fQ=="
        },
        {
          "index_key": "argocd",
          "schema_version": 0,
          "attributes": {
            "id": "argocd",
            "metadata": [
              {
                "annotations": {},
                "generate_name": "",
                "generation": 0,
                "labels": {},
                "name": "argocd",
                "resource_version": "2810",
                "uid": "dd7c35e5-0650-4d4b-969f-82c82b7d0284"
              }
            ],
            "timeouts": null,
            "wait_for_default_service_account": false
          },
          "sensitive_attributes": [],
          "identity_schema_version": 1,
          "identity": {
            "api_version": "v1",
            "kind": "Namespace",
            "name": "argocd"
          },
          "private": "eyJlMmJmYjczMC1lY2FhLTExZTYtOGY4OC0zNDM2M2JjN2M0YzAiOnsiZGVsZXRlIjozMDAwMDAwMDAwMDB9fQ=="
        },
        {
          "index_key": "cert-manager",
          "schema_version": 0,
          "attributes": {
            "id": "cert-manager",
            "metadata": [
              {
                "annotations": {},
                "generate_name": "",
                "generation": 0,
                "labels": {},
                "name": "cert-manager",
                "resource_version": "2806",
                "uid": "a3727b02-bb23-4c35-8957-0dab7cd9c59c"
              }
            ],
            "timeouts": null,
            "wait_for_default_service_account": false
          },
          "sensitive_attributes": [],
          "identity_schema_version": 1,
          "identity": {
            "api_version": "v1",
            "kind": "Namespace",
            "name": "cert-manager"
          },
          "private": "eyJlMmJmYjczMC1lY2FhLTExZTYtOGY4OC0zNDM2M2JjN2M0YzAiOnsiZGVsZXRlIjozMDAwMDAwMDAwMDB9fQ=="
        },
        {
          "index_key": "dex",
          "schema_version": 0,
          "attributes": {
            "id": "dex",
            "metadata": [
              {
                "annotations": {},
                "generate_name": "",
                "generation": 0,
                "labels": {},
                "name": "dex",
                "resource_version": "2804",
                "uid": "5c0961b1-083e-4059-b725-279ae206f1f9"
              }
            ],
            "timeouts": null,
            "wait_for_default_service_account": false
          },
          "sensitive_attributes": [],
          "identity_schema_version": 1,
          "identity": {
            "api_version": "v1",
            "kind": "Namespace",
            "name": "dex"
          },
          "private": "eyJlMmJmYjczMC1lY2FhLTExZTYtOGY4OC0zNDM2M2JjN2M0YzAiOnsiZGVsZXRlIjozMDAwMDAwMDAwMDB9fQ=="
        },
        {
          "index_key": "kargo",
          "schema_version": 0,
          "attributes": {
            "id": "kargo",
            "metadata": [
              {
                "annotations": {},
                "generate_name": "",
                "generation": 0,
                "labels": {},
                "name": "kargo",
                "resource_version": "2808",
                "uid": "bef50343-1eb8-4f5c-b3b8-ff03ba3d002a"
              }
            ],
            "timeouts": null,
            "wait_for_default_service_account": false
          },
          "sensitive_attributes": [],
          "identity_schema_version": 1,
          "identity": {
            "api_version": "v1",
            "kind": "Namespace",
            "name": "kargo"
          },
          "private": "eyJlMmJmYjczMC1lY2FhLTExZTYtOGY4OC0zNDM2M2JjN2M0YzAiOnsiZGVsZXRlIjozMDAwMDAwMDAwMDB9fQ=="
        },
        {
          "index_key": "keda",
          "schema_version": 0,
          "attributes": {
            "id": "keda",
            "metadata": [
              {
                "annotations": {},
                "generate_name": "",
                "generation": 0,
                "labels": {},
                "name": "keda",
                "resource_version": "2807",
                "uid": "8564949b-ae0a-4eb1-9554-cd8a8280982d"
              }
            ],
            "timeouts": null,
            "wait_for_default_service_account": false
          },
          "sensitive_attributes": [],
          "identity_schema_version": 1,
          "identity": {
            "api_version": "v1",
            "kind": "Namespace",
            "name": "keda"
          },
          "private": "eyJlMmJmYjczMC1lY2FhLTExZTYtOGY4OC0zNDM2M2JjN2M0YzAiOnsiZGVsZXRlIjozMDAwMDAwMDAwMDB9fQ=="
        },
        {
          "index_key": "monitoring",
          "schema_version": 0,
          "attributes": {
            "id": "monitoring",
            "metadata": [
              {
                "annotations": {},
                "generate_name": "",
                "generation": 0,
                "labels": {},
                "name": "monitoring",
                "resource_version": "2809",
                "uid": "6165533d-f794-4609-a5aa-09e370321a5d"
              }
            ],
            "timeouts": null,
            "wait_for_default_service_account": false
          },
          "sensitive_attributes": [],
          "identity_schema_version": 1,
          "identity": {
            "api_version": "v1",
            "kind": "Namespace",
            "name": "monitoring"
          },
          "private": "eyJlMmJmYjczMC1lY2FhLTExZTYtOGY4OC0zNDM2M2JjN2M0YzAiOnsiZGVsZXRlIjozMDAwMDAwMDAwMDB9fQ=="
        },
        {
          "index_key": "traefik",
          "schema_version": 0,
          "attributes": {
            "id": "traefik",
            "metadata": [
              {
                "annotations": {},
                "generate_name": "",
                "generation": 0,
                "labels": {},
                "name": "traefik",
                "resource_version": "2805",
                "uid": "41e00eb4-a3aa-4be4-927c-b482d3f0167b"
              }
            ],
            "timeouts": null,
            "wait_for_default_service_account": false
          },
          "sensitive_attributes": [],
          "identity_schema_version": 1,
          "identity": {
            "api_version": "v1",
            "kind": "Namespace",
            "name": "traefik"
          },
          "private": "eyJlMmJmYjczMC1lY2FhLTExZTYtOGY4OC0zNDM2M2JjN2M0YzAiOnsiZGVsZXRlIjozMDAwMDAwMDAwMDB9fQ=="
        }
      ]
    },
    {
      "mode": "managed",
      "type": "null_resource",
      "name": "gateway_api_crds",
      "provider": "provider[\"registry.terraform.io/hashicorp/null\"]",
      "instances": [
        {
          "schema_version": 0,
          "attributes": {
            "id": "9158254134577048883",
            "triggers": {
              "cluster_name": "chhayham",
              "version": "v1.6.1"
            }
          },
          "sensitive_attributes": [],
          "identity_schema_version": 0
        }
      ]
    }
  ],
  "check_results": null
}
